{
    "composer/ca-bundle": {
        "version": "1.x-dev"
    },
    "psr/cache": {
        "version": "1.0.x-dev"
    },
    "psr/simple-cache": {
        "version": "1.0.x-dev"
    },
    "sensio/framework-extra-bundle": {
        "version": "5.2",
        "recipe": {
            "repo": "github.com/symfony/recipes",
            "branch": "master",
            "version": "5.2",
            "ref": "fb7e19da7f013d0d422fa9bce16f5c510e27609b"
        }
    },
    "sensiolabs/security-checker": {
        "version": "4.0",
        "recipe": {
            "repo": "github.com/symfony/recipes",
            "branch": "master",
            "version": "4.0",
            "ref": "421933bf8f0e75546ac8e00cb3eb12904fa2ac1a"
        }
    },
    "symfony/apache-pack": {
        "version": "1.0",
        "recipe": {
            "repo": "github.com/symfony/recipes-contrib",
            "branch": "master",
            "version": "1.0",
            "ref": "c82bead70f9a4f656354a193df7bf0ca2114efa0"
        }
    },
    "symfony/cache": {
        "version": "4.3-dev"
    },
    "symfony/dotenv": {
        "version": "4.3-dev"
    },
    "symfony/finder": {
        "version": "4.3-dev"
    },
    "symfony/flex": {
        "version": "1.0",
        "recipe": {
            "repo": "github.com/symfony/recipes",
            "branch": "master",
            "version": "1.0",
            "ref": "5f8a51c0fad684396f6b6c0fd770e043439cb632"
        }
    },
    "symfony/framework-bundle": {
        "version": "4.2",
        "recipe": {
            "repo": "github.com/symfony/recipes",
            "branch": "master",
            "version": "4.2",
            "ref": "82e2278ff2a74a97837e84c2493c30e7a85ad299"
        }
    },
    "symfony/inflector": {
        "version": "4.3-dev"
    },
    "symfony/property-access": {
        "version": "4.3-dev"
    },
    "symfony/routing": {
        "version": "4.2",
        "recipe": {
            "repo": "github.com/symfony/recipes",
            "branch": "master",
            "version": "4.2",
            "ref": "5374e24d508ba8fd6ba9eb15170255fdb778316a"
        }
    },
    "symfony/security": {
        "version": "4.3-dev"
    },
    "symfony/twig-bridge": {
        "version": "4.3-dev"
    },
    "symfony/twig-bundle": {
        "version": "3.3",
        "recipe": {
            "repo": "github.com/symfony/recipes",
            "branch": "master",
            "version": "3.3",
            "ref": "369b5b29dc52b2c190002825ae7ec24ab6f962dd"
        }
    },
    "symfony/var-exporter": {
        "version": "4.3-dev"
    }
}
